
Microsoft Visual Studio Solution File, Format Version 12.00
# Visual Studio Version 17
VisualStudioVersion = 17.3.32811.315
MinimumVisualStudioVersion = 10.0.40219.1
Project("{9A19103F-16F7-4668-BE54-9A1E7A4F7556}") = "VedicaTraderCryptoLEMON", "VedicaTraderCryptoLEMON\VedicaTraderCryptoLEMON.csproj", "{725EDD79-716A-4A5F-9C24-59EEA5E3C27A}"
EndProject
Global
	GlobalSection(SolutionConfigurationPlatforms) = preSolution
		Debug|Any CPU = Debug|Any CPU
		Debug|x64 = Debug|x64
		Release|Any CPU = Release|Any CPU
		Release|x64 = Release|x64
	EndGlobalSection
	GlobalSection(ProjectConfigurationPlatforms) = postSolution
		{725EDD79-716A-4A5F-9C24-59EEA5E3C27A}.Debug|Any CPU.ActiveCfg = Debug|Any CPU
		{725EDD79-716A-4A5F-9C24-59EEA5E3C27A}.Debug|Any CPU.Build.0 = Debug|Any CPU
		{725EDD79-716A-4A5F-9C24-59EEA5E3C27A}.Debug|x64.ActiveCfg = Debug|x64
		{725EDD79-716A-4A5F-9C24-59EEA5E3C27A}.Debug|x64.Build.0 = Debug|x64
		{725EDD79-716A-4A5F-9C24-59EEA5E3C27A}.Release|Any CPU.ActiveCfg = Release|Any CPU
		{725EDD79-716A-4A5F-9C24-59EEA5E3C27A}.Release|Any CPU.Build.0 = Release|Any CPU
		{725EDD79-716A-4A5F-9C24-59EEA5E3C27A}.Release|x64.ActiveCfg = Release|x64
		{725EDD79-716A-4A5F-9C24-59EEA5E3C27A}.Release|x64.Build.0 = Release|x64
	EndGlobalSection
	GlobalSection(SolutionProperties) = preSolution
		HideSolutionNode = FALSE
	EndGlobalSection
	GlobalSection(ExtensibilityGlobals) = postSolution
		SolutionGuid = {5A5BFEEE-7746-4801-8424-F965FA9ED677}
	EndGlobalSection
EndGlobal
